
Microsoft Visual Studio Solution File, Format Version 12.00
# Visual Studio 15
VisualStudioVersion = 15.0.28010.2036
MinimumVisualStudioVersion = 10.0.40219.1
Project("{FAE04EC0-301F-11D3-BF4B-00C04F79EFBC}") = "TweetifyB", "TweetifyB\TweetifyB.csproj", "{D1C45C3F-D6BB-4650-BC22-2838A5D5A746}"
EndProject
Global
	GlobalSection(SolutionConfigurationPlatforms) = preSolution
		Debug|Any CPU = Debug|Any CPU
		Release|Any CPU = Release|Any CPU
	EndGlobalSection
	GlobalSection(ProjectConfigurationPlatforms) = postSolution
		{D1C45C3F-D6BB-4650-BC22-2838A5D5A746}.Debug|Any CPU.ActiveCfg = Debug|Any CPU
		{D1C45C3F-D6BB-4650-BC22-2838A5D5A746}.Debug|Any CPU.Build.0 = Debug|Any CPU
		{D1C45C3F-D6BB-4650-BC22-2838A5D5A746}.Release|Any CPU.ActiveCfg = Release|Any CPU
		{D1C45C3F-D6BB-4650-BC22-2838A5D5A746}.Release|Any CPU.Build.0 = Release|Any CPU
	EndGlobalSection
	GlobalSection(SolutionProperties) = preSolution
		HideSolutionNode = FALSE
	EndGlobalSection
	GlobalSection(ExtensibilityGlobals) = postSolution
		SolutionGuid = {57F6F022-9B62-4612-B225-AE9EA1519BA5}
	EndGlobalSection
EndGlobal
